
Microsoft Visual Studio Solution File, Format Version 12.00
# Visual Studio Version 17
VisualStudioVersion = 17.14.36717.8 d17.14
MinimumVisualStudioVersion = 10.0.40219.1
Project("{FAE04EC0-301F-11D3-BF4B-00C04F79EFBC}") = "ConexionSolidaria", "ConexionSolidaria\ConexionSolidaria.csproj", "{1BFEF1D6-1FD1-40D9-8F7E-2E1400A05C11}"
EndProject
Global
	GlobalSection(SolutionConfigurationPlatforms) = preSolution
		Debug|Any CPU = Debug|Any CPU
		Release|Any CPU = Release|Any CPU
	EndGlobalSection
	GlobalSection(ProjectConfigurationPlatforms) = postSolution
		{1BFEF1D6-1FD1-40D9-8F7E-2E1400A05C11}.Debug|Any CPU.ActiveCfg = Debug|Any CPU
		{1BFEF1D6-1FD1-40D9-8F7E-2E1400A05C11}.Debug|Any CPU.Build.0 = Debug|Any CPU
		{1BFEF1D6-1FD1-40D9-8F7E-2E1400A05C11}.Release|Any CPU.ActiveCfg = Release|Any CPU
		{1BFEF1D6-1FD1-40D9-8F7E-2E1400A05C11}.Release|Any CPU.Build.0 = Release|Any CPU
	EndGlobalSection
	GlobalSection(SolutionProperties) = preSolution
		HideSolutionNode = FALSE
	EndGlobalSection
	GlobalSection(ExtensibilityGlobals) = postSolution
		SolutionGuid = {9F9D5D7D-0D63-447B-8E0D-C8DF4A1BA156}
	EndGlobalSection
EndGlobal
